
Microsoft Visual Studio Solution File, Format Version 12.00
# Visual Studio 15
VisualStudioVersion = 15.0.26430.16
MinimumVisualStudioVersion = 10.0.40219.1
Project("{FAE04EC0-301F-11D3-BF4B-00C04F79EFBC}") = "Scania.VT.Entities", "Scania.VT.Entities\Scania.VT.Entities.csproj", "{3D15CEEB-245D-4903-A9D2-1E1E20E64CBC}"
EndProject
Project("{FAE04EC0-301F-11D3-BF4B-00C04F79EFBC}") = "Scania.VT.DTO", "Scania.VT.DTO\Scania.VT.DTO.csproj", "{9569A84D-E4B4-4214-8BAB-E17122A1A7A9}"
EndProject
Project("{FAE04EC0-301F-11D3-BF4B-00C04F79EFBC}") = "Scania.VT.BL", "Scania.VT.BL\Scania.VT.BL.csproj", "{18EB19FE-9B57-4D6B-8EF7-AB5C659C3D3F}"
EndProject
Project("{FAE04EC0-301F-11D3-BF4B-00C04F79EFBC}") = "Scania.VT.WebAPI", "Scania.VT.WebAPI\Scania.VT.WebAPI.csproj", "{7CA2DE1C-F381-480C-A9C2-3FFC9ED953F5}"
EndProject
Project("{FAE04EC0-301F-11D3-BF4B-00C04F79EFBC}") = "Scania.VT.Helpers", "Scania.VT.Helpers\Scania.VT.Helpers.csproj", "{9E1E45FD-753A-4282-9322-9C9BC86543A8}"
EndProject
Project("{FAE04EC0-301F-11D3-BF4B-00C04F79EFBC}") = "Scania.VT.UI.Web", "Scania.VT.UI.Web\Scania.VT.UI.Web.csproj", "{77E39300-6B5A-483C-B553-4876FD320A55}"
EndProject
Project("{FAE04EC0-301F-11D3-BF4B-00C04F79EFBC}") = "Scania.VT.Sql", "Scania.VT.Sql\Scania.VT.Sql.csproj", "{268BEBC4-AAB3-4490-93F0-21EE01975B97}"
EndProject
Project("{2150E333-8FDC-42A3-9474-1A3956D46DE8}") = "4.BusinessLogic", "4.BusinessLogic", "{3E349D7A-FDED-429B-B278-AA408E5DB130}"
EndProject
Project("{2150E333-8FDC-42A3-9474-1A3956D46DE8}") = "7.Helpers", "7.Helpers", "{31AF36F2-A802-4FF2-A18C-378E8CEEDECF}"
EndProject
Project("{2150E333-8FDC-42A3-9474-1A3956D46DE8}") = "3.Entities", "3.Entities", "{C4E1231F-96BC-4EBE-8949-07867BEDAC65}"
EndProject
Project("{2150E333-8FDC-42A3-9474-1A3956D46DE8}") = "5.Services", "5.Services", "{E2A69BF0-B60F-4314-9BAE-83B514709CCC}"
EndProject
Project("{2150E333-8FDC-42A3-9474-1A3956D46DE8}") = "6.UI", "6.UI", "{FF591CA0-7CC3-42EC-A6EC-F5B37C316B55}"
EndProject
Project("{2150E333-8FDC-42A3-9474-1A3956D46DE8}") = "2.Database", "2.Database", "{14DA7D9E-E171-4CC7-A734-3CF46E0AFD70}"
EndProject
Project("{2150E333-8FDC-42A3-9474-1A3956D46DE8}") = "1.Framework", "1.Framework", "{2811914C-D70A-411E-9220-C6E27895DF9F}"
EndProject
Project("{FAE04EC0-301F-11D3-BF4B-00C04F79EFBC}") = "Repository.Pattern", "Frameworks\Repository.Pattern\Repository.Pattern.csproj", "{6E682A14-C872-4813-B620-76E108DEA683}"
EndProject
Project("{FAE04EC0-301F-11D3-BF4B-00C04F79EFBC}") = "Repository.Pattern.Ef6", "Frameworks\Repository.Pattern.Ef6\Repository.Pattern.Ef6.csproj", "{F68A1D19-93FB-47C1-A22B-42BEA3E4FD8C}"
EndProject
Project("{FAE04EC0-301F-11D3-BF4B-00C04F79EFBC}") = "Service.Pattern", "Frameworks\Service.Pattern\Service.Pattern.csproj", "{86F86650-EE3C-4372-8FEC-40C2FE015022}"
EndProject
Project("{2150E333-8FDC-42A3-9474-1A3956D46DE8}") = "8.Tests", "8.Tests", "{46ED0225-F04C-4DDD-9616-0B1888FCAF6C}"
EndProject
Project("{FAE04EC0-301F-11D3-BF4B-00C04F79EFBC}") = "Scania.VT.BL.Test", "Scania.VT.BL.Test\Scania.VT.BL.Test.csproj", "{E7E187C8-05AA-41F4-90F6-D45293401C7B}"
EndProject
Project("{FAE04EC0-301F-11D3-BF4B-00C04F79EFBC}") = "Scania.VT.WebAPI.Test", "Scania.VT.WebAPI.Test\Scania.VT.WebAPI.Test.csproj", "{055E65CF-B717-4F0C-8941-398B9F710909}"
EndProject
Project("{FAE04EC0-301F-11D3-BF4B-00C04F79EFBC}") = "Scania.VT.Database.Test", "Scania.VT.Database.Test\Scania.VT.Database.Test.csproj", "{F44EC160-E436-427C-87C1-E597E0CF39CF}"
EndProject
Project("{FAE04EC0-301F-11D3-BF4B-00C04F79EFBC}") = "Scania.VT.Simulator", "Scania.VT.Simulator\Scania.VT.Simulator.csproj", "{B65DBE72-B3AC-493B-BA18-9798B7A03DC5}"
EndProject
Global
	GlobalSection(SolutionConfigurationPlatforms) = preSolution
		Debug|Any CPU = Debug|Any CPU
		Debug|x86 = Debug|x86
		Release|Any CPU = Release|Any CPU
		Release|x86 = Release|x86
	EndGlobalSection
	GlobalSection(ProjectConfigurationPlatforms) = postSolution
		{3D15CEEB-245D-4903-A9D2-1E1E20E64CBC}.Debug|Any CPU.ActiveCfg = Debug|Any CPU
		{3D15CEEB-245D-4903-A9D2-1E1E20E64CBC}.Debug|Any CPU.Build.0 = Debug|Any CPU
		{3D15CEEB-245D-4903-A9D2-1E1E20E64CBC}.Debug|x86.ActiveCfg = Debug|Any CPU
		{3D15CEEB-245D-4903-A9D2-1E1E20E64CBC}.Debug|x86.Build.0 = Debug|Any CPU
		{3D15CEEB-245D-4903-A9D2-1E1E20E64CBC}.Release|Any CPU.ActiveCfg = Release|Any CPU
		{3D15CEEB-245D-4903-A9D2-1E1E20E64CBC}.Release|Any CPU.Build.0 = Release|Any CPU
		{3D15CEEB-245D-4903-A9D2-1E1E20E64CBC}.Release|x86.ActiveCfg = Release|Any CPU
		{3D15CEEB-245D-4903-A9D2-1E1E20E64CBC}.Release|x86.Build.0 = Release|Any CPU
		{9569A84D-E4B4-4214-8BAB-E17122A1A7A9}.Debug|Any CPU.ActiveCfg = Debug|Any CPU
		{9569A84D-E4B4-4214-8BAB-E17122A1A7A9}.Debug|Any CPU.Build.0 = Debug|Any CPU
		{9569A84D-E4B4-4214-8BAB-E17122A1A7A9}.Debug|x86.ActiveCfg = Debug|Any CPU
		{9569A84D-E4B4-4214-8BAB-E17122A1A7A9}.Debug|x86.Build.0 = Debug|Any CPU
		{9569A84D-E4B4-4214-8BAB-E17122A1A7A9}.Release|Any CPU.ActiveCfg = Release|Any CPU
		{9569A84D-E4B4-4214-8BAB-E17122A1A7A9}.Release|Any CPU.Build.0 = Release|Any CPU
		{9569A84D-E4B4-4214-8BAB-E17122A1A7A9}.Release|x86.ActiveCfg = Release|Any CPU
		{9569A84D-E4B4-4214-8BAB-E17122A1A7A9}.Release|x86.Build.0 = Release|Any CPU
		{18EB19FE-9B57-4D6B-8EF7-AB5C659C3D3F}.Debug|Any CPU.ActiveCfg = Debug|Any CPU
		{18EB19FE-9B57-4D6B-8EF7-AB5C659C3D3F}.Debug|Any CPU.Build.0 = Debug|Any CPU
		{18EB19FE-9B57-4D6B-8EF7-AB5C659C3D3F}.Debug|x86.ActiveCfg = Debug|Any CPU
		{18EB19FE-9B57-4D6B-8EF7-AB5C659C3D3F}.Debug|x86.Build.0 = Debug|Any CPU
		{18EB19FE-9B57-4D6B-8EF7-AB5C659C3D3F}.Release|Any CPU.ActiveCfg = Release|Any CPU
		{18EB19FE-9B57-4D6B-8EF7-AB5C659C3D3F}.Release|Any CPU.Build.0 = Release|Any CPU
		{18EB19FE-9B57-4D6B-8EF7-AB5C659C3D3F}.Release|x86.ActiveCfg = Release|Any CPU
		{18EB19FE-9B57-4D6B-8EF7-AB5C659C3D3F}.Release|x86.Build.0 = Release|Any CPU
		{7CA2DE1C-F381-480C-A9C2-3FFC9ED953F5}.Debug|Any CPU.ActiveCfg = Debug|Any CPU
		{7CA2DE1C-F381-480C-A9C2-3FFC9ED953F5}.Debug|Any CPU.Build.0 = Debug|Any CPU
		{7CA2DE1C-F381-480C-A9C2-3FFC9ED953F5}.Debug|x86.ActiveCfg = Debug|Any CPU
		{7CA2DE1C-F381-480C-A9C2-3FFC9ED953F5}.Debug|x86.Build.0 = Debug|Any CPU
		{7CA2DE1C-F381-480C-A9C2-3FFC9ED953F5}.Release|Any CPU.ActiveCfg = Release|Any CPU
		{7CA2DE1C-F381-480C-A9C2-3FFC9ED953F5}.Release|Any CPU.Build.0 = Release|Any CPU
		{7CA2DE1C-F381-480C-A9C2-3FFC9ED953F5}.Release|x86.ActiveCfg = Release|Any CPU
		{7CA2DE1C-F381-480C-A9C2-3FFC9ED953F5}.Release|x86.Build.0 = Release|Any CPU
		{9E1E45FD-753A-4282-9322-9C9BC86543A8}.Debug|Any CPU.ActiveCfg = Debug|Any CPU
		{9E1E45FD-753A-4282-9322-9C9BC86543A8}.Debug|Any CPU.Build.0 = Debug|Any CPU
		{9E1E45FD-753A-4282-9322-9C9BC86543A8}.Debug|x86.ActiveCfg = Debug|Any CPU
		{9E1E45FD-753A-4282-9322-9C9BC86543A8}.Debug|x86.Build.0 = Debug|Any CPU
		{9E1E45FD-753A-4282-9322-9C9BC86543A8}.Release|Any CPU.ActiveCfg = Release|Any CPU
		{9E1E45FD-753A-4282-9322-9C9BC86543A8}.Release|Any CPU.Build.0 = Release|Any CPU
		{9E1E45FD-753A-4282-9322-9C9BC86543A8}.Release|x86.ActiveCfg = Release|Any CPU
		{9E1E45FD-753A-4282-9322-9C9BC86543A8}.Release|x86.Build.0 = Release|Any CPU
		{77E39300-6B5A-483C-B553-4876FD320A55}.Debug|Any CPU.ActiveCfg = Debug|Any CPU
		{77E39300-6B5A-483C-B553-4876FD320A55}.Debug|Any CPU.Build.0 = Debug|Any CPU
		{77E39300-6B5A-483C-B553-4876FD320A55}.Debug|x86.ActiveCfg = Debug|Any CPU
		{77E39300-6B5A-483C-B553-4876FD320A55}.Debug|x86.Build.0 = Debug|Any CPU
		{77E39300-6B5A-483C-B553-4876FD320A55}.Release|Any CPU.ActiveCfg = Release|Any CPU
		{77E39300-6B5A-483C-B553-4876FD320A55}.Release|Any CPU.Build.0 = Release|Any CPU
		{77E39300-6B5A-483C-B553-4876FD320A55}.Release|x86.ActiveCfg = Release|Any CPU
		{77E39300-6B5A-483C-B553-4876FD320A55}.Release|x86.Build.0 = Release|Any CPU
		{268BEBC4-AAB3-4490-93F0-21EE01975B97}.Debug|Any CPU.ActiveCfg = Debug|Any CPU
		{268BEBC4-AAB3-4490-93F0-21EE01975B97}.Debug|Any CPU.Build.0 = Debug|Any CPU
		{268BEBC4-AAB3-4490-93F0-21EE01975B97}.Debug|x86.ActiveCfg = Debug|Any CPU
		{268BEBC4-AAB3-4490-93F0-21EE01975B97}.Debug|x86.Build.0 = Debug|Any CPU
		{268BEBC4-AAB3-4490-93F0-21EE01975B97}.Release|Any CPU.ActiveCfg = Release|Any CPU
		{268BEBC4-AAB3-4490-93F0-21EE01975B97}.Release|Any CPU.Build.0 = Release|Any CPU
		{268BEBC4-AAB3-4490-93F0-21EE01975B97}.Release|x86.ActiveCfg = Release|Any CPU
		{268BEBC4-AAB3-4490-93F0-21EE01975B97}.Release|x86.Build.0 = Release|Any CPU
		{6E682A14-C872-4813-B620-76E108DEA683}.Debug|Any CPU.ActiveCfg = Debug|Any CPU
		{6E682A14-C872-4813-B620-76E108DEA683}.Debug|Any CPU.Build.0 = Debug|Any CPU
		{6E682A14-C872-4813-B620-76E108DEA683}.Debug|x86.ActiveCfg = Debug|x86
		{6E682A14-C872-4813-B620-76E108DEA683}.Debug|x86.Build.0 = Debug|x86
		{6E682A14-C872-4813-B620-76E108DEA683}.Release|Any CPU.ActiveCfg = Release|Any CPU
		{6E682A14-C872-4813-B620-76E108DEA683}.Release|Any CPU.Build.0 = Release|Any CPU
		{6E682A14-C872-4813-B620-76E108DEA683}.Release|x86.ActiveCfg = Release|x86
		{6E682A14-C872-4813-B620-76E108DEA683}.Release|x86.Build.0 = Release|x86
		{F68A1D19-93FB-47C1-A22B-42BEA3E4FD8C}.Debug|Any CPU.ActiveCfg = Debug|Any CPU
		{F68A1D19-93FB-47C1-A22B-42BEA3E4FD8C}.Debug|Any CPU.Build.0 = Debug|Any CPU
		{F68A1D19-93FB-47C1-A22B-42BEA3E4FD8C}.Debug|x86.ActiveCfg = Debug|Any CPU
		{F68A1D19-93FB-47C1-A22B-42BEA3E4FD8C}.Debug|x86.Build.0 = Debug|Any CPU
		{F68A1D19-93FB-47C1-A22B-42BEA3E4FD8C}.Release|Any CPU.ActiveCfg = Release|Any CPU
		{F68A1D19-93FB-47C1-A22B-42BEA3E4FD8C}.Release|Any CPU.Build.0 = Release|Any CPU
		{F68A1D19-93FB-47C1-A22B-42BEA3E4FD8C}.Release|x86.ActiveCfg = Release|Any CPU
		{F68A1D19-93FB-47C1-A22B-42BEA3E4FD8C}.Release|x86.Build.0 = Release|Any CPU
		{86F86650-EE3C-4372-8FEC-40C2FE015022}.Debug|Any CPU.ActiveCfg = Debug|Any CPU
		{86F86650-EE3C-4372-8FEC-40C2FE015022}.Debug|Any CPU.Build.0 = Debug|Any CPU
		{86F86650-EE3C-4372-8FEC-40C2FE015022}.Debug|x86.ActiveCfg = Debug|Any CPU
		{86F86650-EE3C-4372-8FEC-40C2FE015022}.Debug|x86.Build.0 = Debug|Any CPU
		{86F86650-EE3C-4372-8FEC-40C2FE015022}.Release|Any CPU.ActiveCfg = Release|Any CPU
		{86F86650-EE3C-4372-8FEC-40C2FE015022}.Release|Any CPU.Build.0 = Release|Any CPU
		{86F86650-EE3C-4372-8FEC-40C2FE015022}.Release|x86.ActiveCfg = Release|Any CPU
		{86F86650-EE3C-4372-8FEC-40C2FE015022}.Release|x86.Build.0 = Release|Any CPU
		{E7E187C8-05AA-41F4-90F6-D45293401C7B}.Debug|Any CPU.ActiveCfg = Debug|Any CPU
		{E7E187C8-05AA-41F4-90F6-D45293401C7B}.Debug|Any CPU.Build.0 = Debug|Any CPU
		{E7E187C8-05AA-41F4-90F6-D45293401C7B}.Debug|x86.ActiveCfg = Debug|Any CPU
		{E7E187C8-05AA-41F4-90F6-D45293401C7B}.Debug|x86.Build.0 = Debug|Any CPU
		{E7E187C8-05AA-41F4-90F6-D45293401C7B}.Release|Any CPU.ActiveCfg = Release|Any CPU
		{E7E187C8-05AA-41F4-90F6-D45293401C7B}.Release|Any CPU.Build.0 = Release|Any CPU
		{E7E187C8-05AA-41F4-90F6-D45293401C7B}.Release|x86.ActiveCfg = Release|Any CPU
		{E7E187C8-05AA-41F4-90F6-D45293401C7B}.Release|x86.Build.0 = Release|Any CPU
		{055E65CF-B717-4F0C-8941-398B9F710909}.Debug|Any CPU.ActiveCfg = Debug|Any CPU
		{055E65CF-B717-4F0C-8941-398B9F710909}.Debug|Any CPU.Build.0 = Debug|Any CPU
		{055E65CF-B717-4F0C-8941-398B9F710909}.Debug|x86.ActiveCfg = Debug|Any CPU
		{055E65CF-B717-4F0C-8941-398B9F710909}.Debug|x86.Build.0 = Debug|Any CPU
		{055E65CF-B717-4F0C-8941-398B9F710909}.Release|Any CPU.ActiveCfg = Release|Any CPU
		{055E65CF-B717-4F0C-8941-398B9F710909}.Release|Any CPU.Build.0 = Release|Any CPU
		{055E65CF-B717-4F0C-8941-398B9F710909}.Release|x86.ActiveCfg = Release|Any CPU
		{055E65CF-B717-4F0C-8941-398B9F710909}.Release|x86.Build.0 = Release|Any CPU
		{F44EC160-E436-427C-87C1-E597E0CF39CF}.Debug|Any CPU.ActiveCfg = Debug|Any CPU
		{F44EC160-E436-427C-87C1-E597E0CF39CF}.Debug|Any CPU.Build.0 = Debug|Any CPU
		{F44EC160-E436-427C-87C1-E597E0CF39CF}.Debug|x86.ActiveCfg = Debug|Any CPU
		{F44EC160-E436-427C-87C1-E597E0CF39CF}.Debug|x86.Build.0 = Debug|Any CPU
		{F44EC160-E436-427C-87C1-E597E0CF39CF}.Release|Any CPU.ActiveCfg = Release|Any CPU
		{F44EC160-E436-427C-87C1-E597E0CF39CF}.Release|Any CPU.Build.0 = Release|Any CPU
		{F44EC160-E436-427C-87C1-E597E0CF39CF}.Release|x86.ActiveCfg = Release|Any CPU
		{F44EC160-E436-427C-87C1-E597E0CF39CF}.Release|x86.Build.0 = Release|Any CPU
		{B65DBE72-B3AC-493B-BA18-9798B7A03DC5}.Debug|Any CPU.ActiveCfg = Debug|Any CPU
		{B65DBE72-B3AC-493B-BA18-9798B7A03DC5}.Debug|Any CPU.Build.0 = Debug|Any CPU
		{B65DBE72-B3AC-493B-BA18-9798B7A03DC5}.Debug|x86.ActiveCfg = Debug|Any CPU
		{B65DBE72-B3AC-493B-BA18-9798B7A03DC5}.Debug|x86.Build.0 = Debug|Any CPU
		{B65DBE72-B3AC-493B-BA18-9798B7A03DC5}.Release|Any CPU.ActiveCfg = Release|Any CPU
		{B65DBE72-B3AC-493B-BA18-9798B7A03DC5}.Release|Any CPU.Build.0 = Release|Any CPU
		{B65DBE72-B3AC-493B-BA18-9798B7A03DC5}.Release|x86.ActiveCfg = Release|Any CPU
		{B65DBE72-B3AC-493B-BA18-9798B7A03DC5}.Release|x86.Build.0 = Release|Any CPU
	EndGlobalSection
	GlobalSection(SolutionProperties) = preSolution
		HideSolutionNode = FALSE
	EndGlobalSection
	GlobalSection(NestedProjects) = preSolution
		{3D15CEEB-245D-4903-A9D2-1E1E20E64CBC} = {C4E1231F-96BC-4EBE-8949-07867BEDAC65}
		{9569A84D-E4B4-4214-8BAB-E17122A1A7A9} = {C4E1231F-96BC-4EBE-8949-07867BEDAC65}
		{18EB19FE-9B57-4D6B-8EF7-AB5C659C3D3F} = {3E349D7A-FDED-429B-B278-AA408E5DB130}
		{7CA2DE1C-F381-480C-A9C2-3FFC9ED953F5} = {E2A69BF0-B60F-4314-9BAE-83B514709CCC}
		{9E1E45FD-753A-4282-9322-9C9BC86543A8} = {31AF36F2-A802-4FF2-A18C-378E8CEEDECF}
		{77E39300-6B5A-483C-B553-4876FD320A55} = {FF591CA0-7CC3-42EC-A6EC-F5B37C316B55}
		{268BEBC4-AAB3-4490-93F0-21EE01975B97} = {14DA7D9E-E171-4CC7-A734-3CF46E0AFD70}
		{6E682A14-C872-4813-B620-76E108DEA683} = {2811914C-D70A-411E-9220-C6E27895DF9F}
		{F68A1D19-93FB-47C1-A22B-42BEA3E4FD8C} = {2811914C-D70A-411E-9220-C6E27895DF9F}
		{86F86650-EE3C-4372-8FEC-40C2FE015022} = {2811914C-D70A-411E-9220-C6E27895DF9F}
		{E7E187C8-05AA-41F4-90F6-D45293401C7B} = {46ED0225-F04C-4DDD-9616-0B1888FCAF6C}
		{055E65CF-B717-4F0C-8941-398B9F710909} = {46ED0225-F04C-4DDD-9616-0B1888FCAF6C}
		{F44EC160-E436-427C-87C1-E597E0CF39CF} = {46ED0225-F04C-4DDD-9616-0B1888FCAF6C}
	EndGlobalSection
EndGlobal
